<?xml version="1.0" encoding="utf-8"?>
<Project ToolsVersion="4.0" xmlns="http://schemas.microsoft.com/developer/msbuild/2003">
  <ItemGroup>
    <Filter Include="utility">
      <UniqueIdentifier>{271a5ce0-d0aa-4ea9-af11-f006e5e9d787}</UniqueIdentifier>
    </Filter>
  </ItemGroup>
  <ItemGroup>
    <ClCompile Include="..\..\tests\utility\utility-test.cpp">
      <Filter>utility</Filter>
    </ClCompile>
    <ClCompile Include="..\..\tests\entry.cpp" />
  </ItemGroup>
</Project>