<?xml version="1.0" encoding="utf-8"?>
<Project ToolsVersion="4.0" xmlns="http://schemas.microsoft.com/developer/msbuild/2003">
  <ItemGroup>
    <Filter Include="fileformat">
      <UniqueIdentifier>{e7c492b7-67c1-481a-b8f8-42daf5100bfc}</UniqueIdentifier>
    </Filter>
    <Filter Include="fileformat\test">
      <UniqueIdentifier>{93f09eda-dee4-403e-a936-bcc1d7e3c49e}</UniqueIdentifier>
    </Filter>
  </ItemGroup>
  <ItemGroup>
    <ClCompile Include="lib_test.cpp">
      <Filter>fileformat\test</Filter>
    </ClCompile>
  </ItemGroup>
</Project>