
Microsoft Visual Studio Solution File, Format Version 11.00
# Visual C++ Express 2010
Project("{8BC9CEB8-8B4A-11D0-8D11-00A0C91BC942}") = "ytl", "ytl.vcxproj", "{25902D79-D968-416B-8BEF-CCFC76F8E9B0}"
EndProject
Project("{8BC9CEB8-8B4A-11D0-8D11-00A0C91BC942}") = "assembler_simple_code1", "assembler_simple_code1\assembler_simple_code1.vcxproj", "{06F1993D-CE7C-4AE1-BDBB-49A44DF5C058}"
EndProject
Global
	GlobalSection(SolutionConfigurationPlatforms) = preSolution
		Debug|Win32 = Debug|Win32
		Release|Win32 = Release|Win32
	EndGlobalSection
	GlobalSection(ProjectConfigurationPlatforms) = postSolution
		{25902D79-D968-416B-8BEF-CCFC76F8E9B0}.Debug|Win32.ActiveCfg = Debug|Win32
		{25902D79-D968-416B-8BEF-CCFC76F8E9B0}.Debug|Win32.Build.0 = Debug|Win32
		{25902D79-D968-416B-8BEF-CCFC76F8E9B0}.Release|Win32.ActiveCfg = Release|Win32
		{25902D79-D968-416B-8BEF-CCFC76F8E9B0}.Release|Win32.Build.0 = Release|Win32
		{06F1993D-CE7C-4AE1-BDBB-49A44DF5C058}.Debug|Win32.ActiveCfg = Debug|Win32
		{06F1993D-CE7C-4AE1-BDBB-49A44DF5C058}.Debug|Win32.Build.0 = Debug|Win32
		{06F1993D-CE7C-4AE1-BDBB-49A44DF5C058}.Release|Win32.ActiveCfg = Release|Win32
		{06F1993D-CE7C-4AE1-BDBB-49A44DF5C058}.Release|Win32.Build.0 = Release|Win32
	EndGlobalSection
	GlobalSection(SolutionProperties) = preSolution
		HideSolutionNode = FALSE
	EndGlobalSection
EndGlobal
