
Microsoft Visual Studio Solution File, Format Version 12.00
# Visual Studio Express 2012 for Windows Desktop
Project("{8BC9CEB8-8B4A-11D0-8D11-00A0C91BC942}") = "ytl", "ytl.vcxproj", "{25902D79-D968-416B-8BEF-CCFC76F8E9B0}"
EndProject
Project("{8BC9CEB8-8B4A-11D0-8D11-00A0C91BC942}") = "assembler_calc72", "..\samples\assembler_calc72\assembler_calc72.vcxproj", "{06F1993D-CE7C-4AE1-BDBB-49A44DF5C058}"
EndProject
Project("{8BC9CEB8-8B4A-11D0-8D11-00A0C91BC942}") = "brainfuck_helloworld", "..\samples\brainfuck_helloworld\brainfuck_helloworld.vcxproj", "{891D7E86-133C-44B9-9B4E-469367BFBA4E}"
EndProject
Project("{8BC9CEB8-8B4A-11D0-8D11-00A0C91BC942}") = "ytl-tests", "..\ytl-tests\ytl-tests.vcxproj", "{188822BC-A651-43EE-8C09-D238CBD60749}"
EndProject
Global
	GlobalSection(SolutionConfigurationPlatforms) = preSolution
		Debug|Win32 = Debug|Win32
		Release|Win32 = Release|Win32
	EndGlobalSection
	GlobalSection(ProjectConfigurationPlatforms) = postSolution
		{25902D79-D968-416B-8BEF-CCFC76F8E9B0}.Debug|Win32.ActiveCfg = Debug|Win32
		{25902D79-D968-416B-8BEF-CCFC76F8E9B0}.Debug|Win32.Build.0 = Debug|Win32
		{25902D79-D968-416B-8BEF-CCFC76F8E9B0}.Release|Win32.ActiveCfg = Release|Win32
		{25902D79-D968-416B-8BEF-CCFC76F8E9B0}.Release|Win32.Build.0 = Release|Win32
		{06F1993D-CE7C-4AE1-BDBB-49A44DF5C058}.Debug|Win32.ActiveCfg = Debug|Win32
		{06F1993D-CE7C-4AE1-BDBB-49A44DF5C058}.Debug|Win32.Build.0 = Debug|Win32
		{06F1993D-CE7C-4AE1-BDBB-49A44DF5C058}.Release|Win32.ActiveCfg = Release|Win32
		{06F1993D-CE7C-4AE1-BDBB-49A44DF5C058}.Release|Win32.Build.0 = Release|Win32
		{891D7E86-133C-44B9-9B4E-469367BFBA4E}.Debug|Win32.ActiveCfg = Debug|Win32
		{891D7E86-133C-44B9-9B4E-469367BFBA4E}.Debug|Win32.Build.0 = Debug|Win32
		{891D7E86-133C-44B9-9B4E-469367BFBA4E}.Release|Win32.ActiveCfg = Release|Win32
		{891D7E86-133C-44B9-9B4E-469367BFBA4E}.Release|Win32.Build.0 = Release|Win32
		{188822BC-A651-43EE-8C09-D238CBD60749}.Debug|Win32.ActiveCfg = Debug|Win32
		{188822BC-A651-43EE-8C09-D238CBD60749}.Debug|Win32.Build.0 = Debug|Win32
		{188822BC-A651-43EE-8C09-D238CBD60749}.Release|Win32.ActiveCfg = Release|Win32
		{188822BC-A651-43EE-8C09-D238CBD60749}.Release|Win32.Build.0 = Release|Win32
	EndGlobalSection
	GlobalSection(SolutionProperties) = preSolution
		HideSolutionNode = FALSE
	EndGlobalSection
EndGlobal
