<?xml version="1.0" encoding="utf-8"?>
<Project ToolsVersion="4.0" xmlns="http://schemas.microsoft.com/developer/msbuild/2003">
  <ItemGroup>
    <Filter Include="lib">
      <UniqueIdentifier>{86265079-b45f-40b2-8289-13040d4d67a0}</UniqueIdentifier>
    </Filter>
    <Filter Include="lib\assembler">
      <UniqueIdentifier>{c22201e9-8b92-4876-86e5-7193934c7855}</UniqueIdentifier>
    </Filter>
    <Filter Include="lib\assembler\detail">
      <UniqueIdentifier>{6c3ccc41-216e-49d0-87fc-f471d5774cb0}</UniqueIdentifier>
    </Filter>
    <Filter Include="lib\assembler\arch">
      <UniqueIdentifier>{8b0d167f-29dd-4a02-8db2-0e57b174a120}</UniqueIdentifier>
    </Filter>
    <Filter Include="lib\assembler\arch\ia_32">
      <UniqueIdentifier>{ee077899-0027-4527-ae44-dbbe1caa0e42}</UniqueIdentifier>
    </Filter>
    <Filter Include="lib\brainfuck">
      <UniqueIdentifier>{0e2e9c5e-7569-4fe0-9ff3-6b10a94d6203}</UniqueIdentifier>
    </Filter>
  </ItemGroup>
  <ItemGroup>
    <ClInclude Include="..\..\ytl\assembler\arch.hpp">
      <Filter>lib\assembler</Filter>
    </ClInclude>
    <ClInclude Include="..\..\ytl\assembler\code_stub.hpp">
      <Filter>lib\assembler</Filter>
    </ClInclude>
    <ClInclude Include="..\..\ytl\assembler\config.hpp">
      <Filter>lib\assembler</Filter>
    </ClInclude>
    <ClInclude Include="..\..\ytl\assembler\writer.hpp">
      <Filter>lib\assembler</Filter>
    </ClInclude>
    <ClInclude Include="..\..\ytl\assembler\detail\little_endian_writer.hpp">
      <Filter>lib\assembler\detail</Filter>
    </ClInclude>
    <ClInclude Include="..\..\ytl\assembler\arch\ia_32.hpp">
      <Filter>lib\assembler\arch</Filter>
    </ClInclude>
    <ClInclude Include="..\..\ytl\assembler\arch\ia_32\address.hpp">
      <Filter>lib\assembler\arch\ia_32</Filter>
    </ClInclude>
    <ClInclude Include="..\..\ytl\assembler\arch\ia_32\aliginment.hpp">
      <Filter>lib\assembler\arch\ia_32</Filter>
    </ClInclude>
    <ClInclude Include="..\..\ytl\assembler\arch\ia_32\data_types.hpp">
      <Filter>lib\assembler\arch\ia_32</Filter>
    </ClInclude>
    <ClInclude Include="..\..\ytl\assembler\arch\ia_32\generator.hpp">
      <Filter>lib\assembler\arch\ia_32</Filter>
    </ClInclude>
    <ClInclude Include="..\..\ytl\assembler\arch\ia_32\registers.hpp">
      <Filter>lib\assembler\arch\ia_32</Filter>
    </ClInclude>
    <ClInclude Include="..\..\ytl\assembler.hpp">
      <Filter>lib</Filter>
    </ClInclude>
    <ClInclude Include="..\..\ytl\brainfuck.hpp">
      <Filter>lib</Filter>
    </ClInclude>
    <ClInclude Include="..\..\ytl\brainfuck\interpreter.hpp">
      <Filter>lib\brainfuck</Filter>
    </ClInclude>
  </ItemGroup>
</Project>